
Microsoft Visual Studio Solution File, Format Version 12.00
# Visual Studio Version 17
VisualStudioVersion = 17.2.32422.2
MinimumVisualStudioVersion = 10.0.40219.1
Project("{9A19103F-16F7-4668-BE54-9A1E7A4F7556}") = "HeadFirstPattern.Decorator", "HeadFirstPattern.Decorator\HeadFirstPattern.Decorator.csproj", "{61546337-ADBE-42E2-851D-7564D8FC653C}"
EndProject
Project("{9A19103F-16F7-4668-BE54-9A1E7A4F7556}") = "HeadFirstPattern.Factory", "HeadFirstPattern.Factory\HeadFirstPattern.Factory.csproj", "{2530E7A4-E744-4021-92AB-0A1831ADAB37}"
EndProject
Project("{FAE04EC0-301F-11D3-BF4B-00C04F79EFBC}") = "HeadFirstPattern.Singleton", "HeadFirstPattern.Singleton\HeadFirstPattern.Singleton.csproj", "{490781EC-6A3A-43D3-A8CB-BDCDF2FB39AB}"
EndProject
Project("{FAE04EC0-301F-11D3-BF4B-00C04F79EFBC}") = "HeadFirstPattern.Command", "HeadFirstPattern.Command\HeadFirstPattern.Command.csproj", "{99845F46-79A4-4AC2-9D4E-C90EF9330D3C}"
EndProject
Global
	GlobalSection(SolutionConfigurationPlatforms) = preSolution
		Debug|Any CPU = Debug|Any CPU
		Release|Any CPU = Release|Any CPU
	EndGlobalSection
	GlobalSection(ProjectConfigurationPlatforms) = postSolution
		{61546337-ADBE-42E2-851D-7564D8FC653C}.Debug|Any CPU.ActiveCfg = Debug|Any CPU
		{61546337-ADBE-42E2-851D-7564D8FC653C}.Debug|Any CPU.Build.0 = Debug|Any CPU
		{61546337-ADBE-42E2-851D-7564D8FC653C}.Release|Any CPU.ActiveCfg = Release|Any CPU
		{61546337-ADBE-42E2-851D-7564D8FC653C}.Release|Any CPU.Build.0 = Release|Any CPU
		{2530E7A4-E744-4021-92AB-0A1831ADAB37}.Debug|Any CPU.ActiveCfg = Debug|Any CPU
		{2530E7A4-E744-4021-92AB-0A1831ADAB37}.Debug|Any CPU.Build.0 = Debug|Any CPU
		{2530E7A4-E744-4021-92AB-0A1831ADAB37}.Release|Any CPU.ActiveCfg = Release|Any CPU
		{2530E7A4-E744-4021-92AB-0A1831ADAB37}.Release|Any CPU.Build.0 = Release|Any CPU
		{490781EC-6A3A-43D3-A8CB-BDCDF2FB39AB}.Debug|Any CPU.ActiveCfg = Debug|Any CPU
		{490781EC-6A3A-43D3-A8CB-BDCDF2FB39AB}.Debug|Any CPU.Build.0 = Debug|Any CPU
		{490781EC-6A3A-43D3-A8CB-BDCDF2FB39AB}.Release|Any CPU.ActiveCfg = Release|Any CPU
		{490781EC-6A3A-43D3-A8CB-BDCDF2FB39AB}.Release|Any CPU.Build.0 = Release|Any CPU
		{99845F46-79A4-4AC2-9D4E-C90EF9330D3C}.Debug|Any CPU.ActiveCfg = Debug|Any CPU
		{99845F46-79A4-4AC2-9D4E-C90EF9330D3C}.Debug|Any CPU.Build.0 = Debug|Any CPU
		{99845F46-79A4-4AC2-9D4E-C90EF9330D3C}.Release|Any CPU.ActiveCfg = Release|Any CPU
		{99845F46-79A4-4AC2-9D4E-C90EF9330D3C}.Release|Any CPU.Build.0 = Release|Any CPU
	EndGlobalSection
	GlobalSection(SolutionProperties) = preSolution
		HideSolutionNode = FALSE
	EndGlobalSection
	GlobalSection(ExtensibilityGlobals) = postSolution
		SolutionGuid = {BD13AB41-8ED3-4A7E-B2DB-66D66F80436C}
	EndGlobalSection
EndGlobal
